
Microsoft Visual Studio Solution File, Format Version 12.00
# Visual Studio Version 16
VisualStudioVersion = 16.0.31911.196
MinimumVisualStudioVersion = 10.0.40219.1
Project("{8BC9CEB8-8B4A-11D0-8D11-00A0C91BC942}") = "NMI 1", "NMI 1\NMI 1.vcxproj", "{B728FCF3-B03A-4740-8F21-3751918C0908}"
EndProject
Global
	GlobalSection(SolutionConfigurationPlatforms) = preSolution
		Debug|x64 = Debug|x64
		Debug|x86 = Debug|x86
		Release|x64 = Release|x64
		Release|x86 = Release|x86
	EndGlobalSection
	GlobalSection(ProjectConfigurationPlatforms) = postSolution
		{B728FCF3-B03A-4740-8F21-3751918C0908}.Debug|x64.ActiveCfg = Debug|x64
		{B728FCF3-B03A-4740-8F21-3751918C0908}.Debug|x64.Build.0 = Debug|x64
		{B728FCF3-B03A-4740-8F21-3751918C0908}.Debug|x86.ActiveCfg = Debug|Win32
		{B728FCF3-B03A-4740-8F21-3751918C0908}.Debug|x86.Build.0 = Debug|Win32
		{B728FCF3-B03A-4740-8F21-3751918C0908}.Release|x64.ActiveCfg = Release|x64
		{B728FCF3-B03A-4740-8F21-3751918C0908}.Release|x64.Build.0 = Release|x64
		{B728FCF3-B03A-4740-8F21-3751918C0908}.Release|x86.ActiveCfg = Release|Win32
		{B728FCF3-B03A-4740-8F21-3751918C0908}.Release|x86.Build.0 = Release|Win32
	EndGlobalSection
	GlobalSection(SolutionProperties) = preSolution
		HideSolutionNode = FALSE
	EndGlobalSection
	GlobalSection(ExtensibilityGlobals) = postSolution
		SolutionGuid = {4507AFCA-7067-4CB4-AD6E-A20B7BDE6383}
	EndGlobalSection
EndGlobal
